{
  "lockfileVersion": 1,
  "configVersion": 1,
  "workspaces": {
    "": {
      "dependencies": {
        "@opencode-ai/plugin": "1.2.16",
      },
    },
  },
  "packages": {
    "@opencode-ai/plugin": ["@opencode-ai/plugin@1.2.16", "", { "dependencies": { "@opencode-ai/sdk": "1.2.16", "zod": "4.1.8" } }, "sha512-9Kb7BQIC2P3oKCvI8K3thP5YP0vE7yLvcmBmgyACUIqc3e5UL6U+4umLpTvgQa2eQdjxtOXznuGTNwgcGMHUHg=="],

    "@opencode-ai/sdk": ["@opencode-ai/sdk@1.2.16", "", {}, "sha512-y9ae9VnCcuog0GaI4DveX1HB6DBoZgGN3EuJVlRFbBCPwhzkls6fCfHSb5+VnTS6Fy0OWFUL28VBCmixL/D+/Q=="],

    "zod": ["zod@4.1.8", "", {}, "sha512-5R1P+WwQqmmMIEACyzSvo4JXHY5WiAFHRMg+zBZKgKS+Q1viRa0C1hmUKtHltoIFKtIdki3pRxkmpP74jnNYHQ=="],
  }
}
